{
  "pins" : [
    {
      "identity" : "swiftui-introspect",
      "kind" : "remoteSourceControl",
      "location" : "https://github.com/siteline/SwiftUI-Introspect.git",
      "state" : {
        "branch" : "master",
        "revision" : "f1c20d68310f0bb199fb4310f95778701c9de9d4"
      }
    }
  ],
  "version" : 2
}
